# This file is automatically @generated by Cargo.
# It is not intended for manual editing.
version = 3

[[package]]
name = "adapter"
version = "0.1.0"

[[package]]
name = "bridge"
version = "0.1.0"

[[package]]
name = "builder"
version = "0.1.0"

[[package]]
name = "composite"
version = "0.1.0"

[[package]]
name = "decorator"
version = "0.1.0"

[[package]]
name = "facade"
version = "0.1.0"

[[package]]
name = "factory"
version = "0.1.0"

[[package]]
name = "filter"
version = "0.1.0"

[[package]]
name = "prototype"
version = "0.1.0"

[[package]]
name = "singleton"
version = "0.1.0"
