# This file is automatically @generated by Cargo.
# It is not intended for manual editing.
version = 3

[[package]]
name = "adapter"
version = "0.1.0"

[[package]]
name = "bridge"
version = "0.1.0"

[[package]]
name = "builder"
version = "0.1.0"

[[package]]
name = "chain"
version = "0.1.0"

[[package]]
name = "command"
version = "0.1.0"

[[package]]
name = "composite"
version = "0.1.0"

[[package]]
name = "decorator"
version = "0.1.0"

[[package]]
name = "facade"
version = "0.1.0"

[[package]]
name = "factory"
version = "0.1.0"

[[package]]
name = "filter"
version = "0.1.0"

[[package]]
name = "flyweight"
version = "0.1.0"

[[package]]
name = "iter"
version = "0.1.0"

[[package]]
name = "mediator"
version = "0.1.0"

[[package]]
name = "memento"
version = "0.1.0"

[[package]]
name = "null"
version = "0.1.0"

[[package]]
name = "observer"
version = "0.1.0"

[[package]]
name = "prototype"
version = "0.1.0"

[[package]]
name = "proxy"
version = "0.1.0"

[[package]]
name = "singleton"
version = "0.1.0"

[[package]]
name = "state"
version = "0.1.0"

[[package]]
name = "strategy"
version = "0.1.0"

[[package]]
name = "template"
version = "0.1.0"

[[package]]
name = "visitor"
version = "0.1.0"
